
Microsoft Visual Studio Solution File, Format Version 12.00
# Visual Studio Version 17
VisualStudioVersion = 17.2.32519.379
MinimumVisualStudioVersion = 10.0.40219.1
Project("{FAE04EC0-301F-11D3-BF4B-00C04F79EFBC}") = "KioscoSegundoParcial", "KioscoSegundoParcial\KioscoSegundoParcial.csproj", "{FB7E4080-BC49-4A3D-BC81-51733304F783}"
EndProject
Global
	GlobalSection(SolutionConfigurationPlatforms) = preSolution
		Debug|Any CPU = Debug|Any CPU
		Release|Any CPU = Release|Any CPU
	EndGlobalSection
	GlobalSection(ProjectConfigurationPlatforms) = postSolution
		{FB7E4080-BC49-4A3D-BC81-51733304F783}.Debug|Any CPU.ActiveCfg = Debug|Any CPU
		{FB7E4080-BC49-4A3D-BC81-51733304F783}.Debug|Any CPU.Build.0 = Debug|Any CPU
		{FB7E4080-BC49-4A3D-BC81-51733304F783}.Release|Any CPU.ActiveCfg = Release|Any CPU
		{FB7E4080-BC49-4A3D-BC81-51733304F783}.Release|Any CPU.Build.0 = Release|Any CPU
	EndGlobalSection
	GlobalSection(SolutionProperties) = preSolution
		HideSolutionNode = FALSE
	EndGlobalSection
	GlobalSection(ExtensibilityGlobals) = postSolution
		SolutionGuid = {A4C24AE5-0DC6-42FF-8DE3-1EBE6C8C69A0}
	EndGlobalSection
EndGlobal
